// !$*UTF8*$!
{
	archiveVersion = 1;
	classes = {
	};
	objectVersion = 56;
	objects = {

/* Begin PBXBuildFile section */
		B60C2A032B079FF50083715B /* MulmagiView.swift in Sources */ = {isa = PBXBuildFile; fileRef = B60C2A022B079FF50083715B /* MulmagiView.swift */; };
		B60F68432B17117900A40603 /* QRScanBtn.swift in Sources */ = {isa = PBXBuildFile; fileRef = B60F68422B17117900A40603 /* QRScanBtn.swift */; };
		B60F68452B17159F00A40603 /* ScanView.swift in Sources */ = {isa = PBXBuildFile; fileRef = B60F68442B17159F00A40603 /* ScanView.swift */; };
		B61F45B02B1D4D160056C172 /* OTPView.swift in Sources */ = {isa = PBXBuildFile; fileRef = B61F45AF2B1D4D160056C172 /* OTPView.swift */; };
		B61F45B42B1DC5CA0056C172 /* RentCheckView.swift in Sources */ = {isa = PBXBuildFile; fileRef = B61F45B32B1DC5CA0056C172 /* RentCheckView.swift */; };
		B61F45B62B1DDE920056C172 /* ReturnCheckView.swift in Sources */ = {isa = PBXBuildFile; fileRef = B61F45B52B1DDE920056C172 /* ReturnCheckView.swift */; };
		B61F45B92B1E2C430056C172 /* PointChargeView.swift in Sources */ = {isa = PBXBuildFile; fileRef = B61F45B82B1E2C430056C172 /* PointChargeView.swift */; };
		B61F45BB2B1E2D690056C172 /* RadioButtonStyle.swift in Sources */ = {isa = PBXBuildFile; fileRef = B61F45BA2B1E2D690056C172 /* RadioButtonStyle.swift */; };
		B61F45BD2B1E42420056C172 /* UsageView.swift in Sources */ = {isa = PBXBuildFile; fileRef = B61F45BC2B1E42420056C172 /* UsageView.swift */; };
		B64E95CF2B24AC6E006FF67D /* MessageView.swift in Sources */ = {isa = PBXBuildFile; fileRef = B64E95CE2B24AC6E006FF67D /* MessageView.swift */; };
		B64E95D32B24BF2E006FF67D /* Date+Helpers.swift in Sources */ = {isa = PBXBuildFile; fileRef = B64E95D22B24BF2E006FF67D /* Date+Helpers.swift */; };
		B64E95D52B24D449006FF67D /* PointInfoView.swift in Sources */ = {isa = PBXBuildFile; fileRef = B64E95D42B24D449006FF67D /* PointInfoView.swift */; };
		B64E95D72B24D5D1006FF67D /* PointHistory.swift in Sources */ = {isa = PBXBuildFile; fileRef = B64E95D62B24D5D1006FF67D /* PointHistory.swift */; };
		B64E95DC2B24EA33006FF67D /* AccountView.swift in Sources */ = {isa = PBXBuildFile; fileRef = B64E95DB2B24EA33006FF67D /* AccountView.swift */; };
		B64E95DE2B25799B006FF67D /* TOSView.swift in Sources */ = {isa = PBXBuildFile; fileRef = B64E95DD2B25799B006FF67D /* TOSView.swift */; };
		B64E95E02B258508006FF67D /* BackButton.swift in Sources */ = {isa = PBXBuildFile; fileRef = B64E95DF2B258508006FF67D /* BackButton.swift */; };
		B654980E2B18EA6700CFBAE5 /* NameView.swift in Sources */ = {isa = PBXBuildFile; fileRef = B654980D2B18EA6700CFBAE5 /* NameView.swift */; };
		B65498152B19A76600CFBAE5 /* PhoneNumView.swift in Sources */ = {isa = PBXBuildFile; fileRef = B65498142B19A76600CFBAE5 /* PhoneNumView.swift */; };
		B65CD4692B25EB7D006A0AA6 /* FirstView.swift in Sources */ = {isa = PBXBuildFile; fileRef = B65CD4682B25EB7D006A0AA6 /* FirstView.swift */; };
		B65D76212AFCC34B00503C76 /* PointView.swift in Sources */ = {isa = PBXBuildFile; fileRef = B65D76202AFCC34B00503C76 /* PointView.swift */; };
		B65D76232AFCCED200503C76 /* MenuButton.swift in Sources */ = {isa = PBXBuildFile; fileRef = B65D76222AFCCED200503C76 /* MenuButton.swift */; };
		B65D76252AFF512900503C76 /* NoticeButton.swift in Sources */ = {isa = PBXBuildFile; fileRef = B65D76242AFF512900503C76 /* NoticeButton.swift */; };
		B65D76272AFF700900503C76 /* WhiteBoxView.swift in Sources */ = {isa = PBXBuildFile; fileRef = B65D76262AFF700900503C76 /* WhiteBoxView.swift */; };
		B65D76292AFF798500503C76 /* UseInfoView.swift in Sources */ = {isa = PBXBuildFile; fileRef = B65D76282AFF798500503C76 /* UseInfoView.swift */; };
		B66B91912AEA2B5E006CF777 /* mulmagi_SwiftUIApp.swift in Sources */ = {isa = PBXBuildFile; fileRef = B66B91902AEA2B5E006CF777 /* mulmagi_SwiftUIApp.swift */; };
		B66B91932AEA2B5E006CF777 /* ContentView.swift in Sources */ = {isa = PBXBuildFile; fileRef = B66B91922AEA2B5E006CF777 /* ContentView.swift */; };
		B66B91952AEA2B5F006CF777 /* Assets.xcassets in Resources */ = {isa = PBXBuildFile; fileRef = B66B91942AEA2B5F006CF777 /* Assets.xcassets */; };
		B66B91982AEA2B5F006CF777 /* Preview Assets.xcassets in Resources */ = {isa = PBXBuildFile; fileRef = B66B91972AEA2B5F006CF777 /* Preview Assets.xcassets */; };
		B66B91A02AEA2F11006CF777 /* Extension+Color.swift in Sources */ = {isa = PBXBuildFile; fileRef = B66B919F2AEA2F11006CF777 /* Extension+Color.swift */; };
		B66B91A22AEA31D3006CF777 /* Extension+Font.swift in Sources */ = {isa = PBXBuildFile; fileRef = B66B91A12AEA31D3006CF777 /* Extension+Font.swift */; };
		B66B91A82AEA324C006CF777 /* GmarketSansTTFBold.ttf in Resources */ = {isa = PBXBuildFile; fileRef = B66B91A52AEA324C006CF777 /* GmarketSansTTFBold.ttf */; };
		B66B91A92AEA324C006CF777 /* GmarketSansTTFMedium.ttf in Resources */ = {isa = PBXBuildFile; fileRef = B66B91A62AEA324C006CF777 /* GmarketSansTTFMedium.ttf */; };
		B66B91AA2AEA324C006CF777 /* GmarketSansTTFLight.ttf in Resources */ = {isa = PBXBuildFile; fileRef = B66B91A72AEA324C006CF777 /* GmarketSansTTFLight.ttf */; };
		B66B91AD2AEA37FD006CF777 /* MainTabbedView.swift in Sources */ = {isa = PBXBuildFile; fileRef = B66B91AC2AEA37FD006CF777 /* MainTabbedView.swift */; };
		B66B91B02AEA4D5C006CF777 /* MenuView.swift in Sources */ = {isa = PBXBuildFile; fileRef = B66B91AF2AEA4D5C006CF777 /* MenuView.swift */; };
		B66B91B22AEA4DB3006CF777 /* UserBoxView.swift in Sources */ = {isa = PBXBuildFile; fileRef = B66B91B12AEA4DB3006CF777 /* UserBoxView.swift */; };
		B67C82A52B1853F100800F35 /* CameraView.swift in Sources */ = {isa = PBXBuildFile; fileRef = B67C82A42B1853F100800F35 /* CameraView.swift */; };
		B67C82A92B187CF000800F35 /* Permission.swift in Sources */ = {isa = PBXBuildFile; fileRef = B67C82A82B187CF000800F35 /* Permission.swift */; };
		B67C82AB2B18B22800800F35 /* QRScannerDelegate.swift in Sources */ = {isa = PBXBuildFile; fileRef = B67C82AA2B18B22800800F35 /* QRScannerDelegate.swift */; };
		B6B152F02B1C651200DF2938 /* PrivacyPolicyView.swift in Sources */ = {isa = PBXBuildFile; fileRef = B6B152EF2B1C651200DF2938 /* PrivacyPolicyView.swift */; };
		B6B152F22B1C6ADC00DF2938 /* StandInfoView.swift in Sources */ = {isa = PBXBuildFile; fileRef = B6B152F12B1C6ADC00DF2938 /* StandInfoView.swift */; };
		B6D68FA32B03311600FD5A14 /* NotificationView.swift in Sources */ = {isa = PBXBuildFile; fileRef = B6D68FA22B03311600FD5A14 /* NotificationView.swift */; };
		B6D68FA62B03385E00FD5A14 /* InsetGroupedListView.swift in Sources */ = {isa = PBXBuildFile; fileRef = B6D68FA52B03385E00FD5A14 /* InsetGroupedListView.swift */; };
		B6D68FA82B03521600FD5A14 /* TempData.swift in Sources */ = {isa = PBXBuildFile; fileRef = B6D68FA72B03521600FD5A14 /* TempData.swift */; };
		B6D68FAB2B03A5EE00FD5A14 /* NoticeView.swift in Sources */ = {isa = PBXBuildFile; fileRef = B6D68FAA2B03A5EE00FD5A14 /* NoticeView.swift */; };
		B6D68FAD2B063F2700FD5A14 /* NoticeDetailView.swift in Sources */ = {isa = PBXBuildFile; fileRef = B6D68FAC2B063F2700FD5A14 /* NoticeDetailView.swift */; };
		B6D7816E2B205BBA00269FAE /* Chat.swift in Sources */ = {isa = PBXBuildFile; fileRef = B6D7816D2B205BBA00269FAE /* Chat.swift */; };
		B6D781712B205CBB00269FAE /* ChatView.swift in Sources */ = {isa = PBXBuildFile; fileRef = B6D781702B205CBB00269FAE /* ChatView.swift */; };
		B6E765F22B1CD6E7004F11B7 /* UserRentingView.swift in Sources */ = {isa = PBXBuildFile; fileRef = B6E765F12B1CD6E7004F11B7 /* UserRentingView.swift */; };
		B6EA75452B15CBF000703BCE /* LocationManager.swift in Sources */ = {isa = PBXBuildFile; fileRef = B6EA75442B15CBF000703BCE /* LocationManager.swift */; };
		B6EA75472B15D1FB00703BCE /* UmbrellaStand.swift in Sources */ = {isa = PBXBuildFile; fileRef = B6EA75462B15D1FB00703BCE /* UmbrellaStand.swift */; };
/* End PBXBuildFile section */

/* Begin PBXFileReference section */
		B60C2A022B079FF50083715B /* MulmagiView.swift */ = {isa = PBXFileReference; lastKnownFileType = sourcecode.swift; path = MulmagiView.swift; sourceTree = "<group>"; };
		B60F68422B17117900A40603 /* QRScanBtn.swift */ = {isa = PBXFileReference; lastKnownFileType = sourcecode.swift; path = QRScanBtn.swift; sourceTree = "<group>"; };
		B60F68442B17159F00A40603 /* ScanView.swift */ = {isa = PBXFileReference; lastKnownFileType = sourcecode.swift; path = ScanView.swift; sourceTree = "<group>"; };
		B61F45AF2B1D4D160056C172 /* OTPView.swift */ = {isa = PBXFileReference; lastKnownFileType = sourcecode.swift; path = OTPView.swift; sourceTree = "<group>"; };
		B61F45B32B1DC5CA0056C172 /* RentCheckView.swift */ = {isa = PBXFileReference; lastKnownFileType = sourcecode.swift; path = RentCheckView.swift; sourceTree = "<group>"; };
		B61F45B52B1DDE920056C172 /* ReturnCheckView.swift */ = {isa = PBXFileReference; lastKnownFileType = sourcecode.swift; path = ReturnCheckView.swift; sourceTree = "<group>"; };
		B61F45B82B1E2C430056C172 /* PointChargeView.swift */ = {isa = PBXFileReference; lastKnownFileType = sourcecode.swift; path = PointChargeView.swift; sourceTree = "<group>"; };
		B61F45BA2B1E2D690056C172 /* RadioButtonStyle.swift */ = {isa = PBXFileReference; lastKnownFileType = sourcecode.swift; path = RadioButtonStyle.swift; sourceTree = "<group>"; };
		B61F45BC2B1E42420056C172 /* UsageView.swift */ = {isa = PBXFileReference; lastKnownFileType = sourcecode.swift; path = UsageView.swift; sourceTree = "<group>"; };
		B64E95CE2B24AC6E006FF67D /* MessageView.swift */ = {isa = PBXFileReference; lastKnownFileType = sourcecode.swift; path = MessageView.swift; sourceTree = "<group>"; };
		B64E95D22B24BF2E006FF67D /* Date+Helpers.swift */ = {isa = PBXFileReference; lastKnownFileType = sourcecode.swift; path = "Date+Helpers.swift"; sourceTree = "<group>"; };
		B64E95D42B24D449006FF67D /* PointInfoView.swift */ = {isa = PBXFileReference; lastKnownFileType = sourcecode.swift; path = PointInfoView.swift; sourceTree = "<group>"; };
		B64E95D62B24D5D1006FF67D /* PointHistory.swift */ = {isa = PBXFileReference; lastKnownFileType = sourcecode.swift; path = PointHistory.swift; sourceTree = "<group>"; };
		B64E95DB2B24EA33006FF67D /* AccountView.swift */ = {isa = PBXFileReference; lastKnownFileType = sourcecode.swift; path = AccountView.swift; sourceTree = "<group>"; };
		B64E95DD2B25799B006FF67D /* TOSView.swift */ = {isa = PBXFileReference; lastKnownFileType = sourcecode.swift; path = TOSView.swift; sourceTree = "<group>"; };
		B64E95DF2B258508006FF67D /* BackButton.swift */ = {isa = PBXFileReference; lastKnownFileType = sourcecode.swift; path = BackButton.swift; sourceTree = "<group>"; };
		B654980D2B18EA6700CFBAE5 /* NameView.swift */ = {isa = PBXFileReference; lastKnownFileType = sourcecode.swift; path = NameView.swift; sourceTree = "<group>"; };
		B65498142B19A76600CFBAE5 /* PhoneNumView.swift */ = {isa = PBXFileReference; lastKnownFileType = sourcecode.swift; path = PhoneNumView.swift; sourceTree = "<group>"; };
		B65CD4682B25EB7D006A0AA6 /* FirstView.swift */ = {isa = PBXFileReference; lastKnownFileType = sourcecode.swift; path = FirstView.swift; sourceTree = "<group>"; };
		B65D76202AFCC34B00503C76 /* PointView.swift */ = {isa = PBXFileReference; lastKnownFileType = sourcecode.swift; path = PointView.swift; sourceTree = "<group>"; };
		B65D76222AFCCED200503C76 /* MenuButton.swift */ = {isa = PBXFileReference; lastKnownFileType = sourcecode.swift; path = MenuButton.swift; sourceTree = "<group>"; };
		B65D76242AFF512900503C76 /* NoticeButton.swift */ = {isa = PBXFileReference; lastKnownFileType = sourcecode.swift; path = NoticeButton.swift; sourceTree = "<group>"; };
		B65D76262AFF700900503C76 /* WhiteBoxView.swift */ = {isa = PBXFileReference; lastKnownFileType = sourcecode.swift; path = WhiteBoxView.swift; sourceTree = "<group>"; };
		B65D76282AFF798500503C76 /* UseInfoView.swift */ = {isa = PBXFileReference; lastKnownFileType = sourcecode.swift; path = UseInfoView.swift; sourceTree = "<group>"; };
		B66B918D2AEA2B5E006CF777 /* mulmagi_SwiftUI.app */ = {isa = PBXFileReference; explicitFileType = wrapper.application; includeInIndex = 0; path = mulmagi_SwiftUI.app; sourceTree = BUILT_PRODUCTS_DIR; };
		B66B91902AEA2B5E006CF777 /* mulmagi_SwiftUIApp.swift */ = {isa = PBXFileReference; lastKnownFileType = sourcecode.swift; path = mulmagi_SwiftUIApp.swift; sourceTree = "<group>"; };
		B66B91922AEA2B5E006CF777 /* ContentView.swift */ = {isa = PBXFileReference; lastKnownFileType = sourcecode.swift; path = ContentView.swift; sourceTree = "<group>"; };
		B66B91942AEA2B5F006CF777 /* Assets.xcassets */ = {isa = PBXFileReference; lastKnownFileType = folder.assetcatalog; path = Assets.xcassets; sourceTree = "<group>"; };
		B66B91972AEA2B5F006CF777 /* Preview Assets.xcassets */ = {isa = PBXFileReference; lastKnownFileType = folder.assetcatalog; path = "Preview Assets.xcassets"; sourceTree = "<group>"; };
		B66B919F2AEA2F11006CF777 /* Extension+Color.swift */ = {isa = PBXFileReference; lastKnownFileType = sourcecode.swift; path = "Extension+Color.swift"; sourceTree = "<group>"; };
		B66B91A12AEA31D3006CF777 /* Extension+Font.swift */ = {isa = PBXFileReference; lastKnownFileType = sourcecode.swift; path = "Extension+Font.swift"; sourceTree = "<group>"; };
		B66B91A52AEA324C006CF777 /* GmarketSansTTFBold.ttf */ = {isa = PBXFileReference; lastKnownFileType = file; path = GmarketSansTTFBold.ttf; sourceTree = "<group>"; };
		B66B91A62AEA324C006CF777 /* GmarketSansTTFMedium.ttf */ = {isa = PBXFileReference; lastKnownFileType = file; path = GmarketSansTTFMedium.ttf; sourceTree = "<group>"; };
		B66B91A72AEA324C006CF777 /* GmarketSansTTFLight.ttf */ = {isa = PBXFileReference; lastKnownFileType = file; path = GmarketSansTTFLight.ttf; sourceTree = "<group>"; };
		B66B91AB2AEA334E006CF777 /* mulmagi-SwiftUI-Info.plist */ = {isa = PBXFileReference; lastKnownFileType = text.plist; path = "mulmagi-SwiftUI-Info.plist"; sourceTree = SOURCE_ROOT; };
		B66B91AC2AEA37FD006CF777 /* MainTabbedView.swift */ = {isa = PBXFileReference; lastKnownFileType = sourcecode.swift; path = MainTabbedView.swift; sourceTree = "<group>"; };
		B66B91AF2AEA4D5C006CF777 /* MenuView.swift */ = {isa = PBXFileReference; lastKnownFileType = sourcecode.swift; path = MenuView.swift; sourceTree = "<group>"; };
		B66B91B12AEA4DB3006CF777 /* UserBoxView.swift */ = {isa = PBXFileReference; lastKnownFileType = sourcecode.swift; path = UserBoxView.swift; sourceTree = "<group>"; };
		B67C82A42B1853F100800F35 /* CameraView.swift */ = {isa = PBXFileReference; lastKnownFileType = sourcecode.swift; path = CameraView.swift; sourceTree = "<group>"; };
		B67C82A82B187CF000800F35 /* Permission.swift */ = {isa = PBXFileReference; lastKnownFileType = sourcecode.swift; path = Permission.swift; sourceTree = "<group>"; };
		B67C82AA2B18B22800800F35 /* QRScannerDelegate.swift */ = {isa = PBXFileReference; lastKnownFileType = sourcecode.swift; path = QRScannerDelegate.swift; sourceTree = "<group>"; };
		B6B152EF2B1C651200DF2938 /* PrivacyPolicyView.swift */ = {isa = PBXFileReference; lastKnownFileType = sourcecode.swift; path = PrivacyPolicyView.swift; sourceTree = "<group>"; };
		B6B152F12B1C6ADC00DF2938 /* StandInfoView.swift */ = {isa = PBXFileReference; lastKnownFileType = sourcecode.swift; path = StandInfoView.swift; sourceTree = "<group>"; };
		B6D68FA22B03311600FD5A14 /* NotificationView.swift */ = {isa = PBXFileReference; lastKnownFileType = sourcecode.swift; path = NotificationView.swift; sourceTree = "<group>"; };
		B6D68FA52B03385E00FD5A14 /* InsetGroupedListView.swift */ = {isa = PBXFileReference; lastKnownFileType = sourcecode.swift; path = InsetGroupedListView.swift; sourceTree = "<group>"; };
		B6D68FA72B03521600FD5A14 /* TempData.swift */ = {isa = PBXFileReference; lastKnownFileType = sourcecode.swift; path = TempData.swift; sourceTree = "<group>"; };
		B6D68FAA2B03A5EE00FD5A14 /* NoticeView.swift */ = {isa = PBXFileReference; lastKnownFileType = sourcecode.swift; path = NoticeView.swift; sourceTree = "<group>"; };
		B6D68FAC2B063F2700FD5A14 /* NoticeDetailView.swift */ = {isa = PBXFileReference; lastKnownFileType = sourcecode.swift; path = NoticeDetailView.swift; sourceTree = "<group>"; };
		B6D7816D2B205BBA00269FAE /* Chat.swift */ = {isa = PBXFileReference; lastKnownFileType = sourcecode.swift; path = Chat.swift; sourceTree = "<group>"; };
		B6D781702B205CBB00269FAE /* ChatView.swift */ = {isa = PBXFileReference; lastKnownFileType = sourcecode.swift; path = ChatView.swift; sourceTree = "<group>"; };
		B6E765F12B1CD6E7004F11B7 /* UserRentingView.swift */ = {isa = PBXFileReference; lastKnownFileType = sourcecode.swift; path = UserRentingView.swift; sourceTree = "<group>"; };
		B6EA75442B15CBF000703BCE /* LocationManager.swift */ = {isa = PBXFileReference; lastKnownFileType = sourcecode.swift; path = LocationManager.swift; sourceTree = "<group>"; };
		B6EA75462B15D1FB00703BCE /* UmbrellaStand.swift */ = {isa = PBXFileReference; lastKnownFileType = sourcecode.swift; path = UmbrellaStand.swift; sourceTree = "<group>"; };
/* End PBXFileReference section */

/* Begin PBXFrameworksBuildPhase section */
		B66B918A2AEA2B5E006CF777 /* Frameworks */ = {
			isa = PBXFrameworksBuildPhase;
			buildActionMask = 2147483647;
			files = (
			);
			runOnlyForDeploymentPostprocessing = 0;
		};
/* End PBXFrameworksBuildPhase section */

/* Begin PBXGroup section */
		B60C2A012B079FAF0083715B /* Mulmagi */ = {
			isa = PBXGroup;
			children = (
				B60C2A022B079FF50083715B /* MulmagiView.swift */,
				B60F68442B17159F00A40603 /* ScanView.swift */,
				B67C82A42B1853F100800F35 /* CameraView.swift */,
				B61F45AF2B1D4D160056C172 /* OTPView.swift */,
				B61F45B32B1DC5CA0056C172 /* RentCheckView.swift */,
				B61F45B52B1DDE920056C172 /* ReturnCheckView.swift */,
			);
			path = Mulmagi;
			sourceTree = "<group>";
		};
		B61F45B72B1E2C380056C172 /* Point */ = {
			isa = PBXGroup;
			children = (
				B61F45B82B1E2C430056C172 /* PointChargeView.swift */,
				B64E95D42B24D449006FF67D /* PointInfoView.swift */,
			);
			path = Point;
			sourceTree = "<group>";
		};
		B64E95D82B24E9FA006FF67D /* Setting */ = {
			isa = PBXGroup;
			children = (
				B64E95DB2B24EA33006FF67D /* AccountView.swift */,
				B64E95DD2B25799B006FF67D /* TOSView.swift */,
			);
			path = Setting;
			sourceTree = "<group>";
		};
		B654980F2B18EA8A00CFBAE5 /* Login */ = {
			isa = PBXGroup;
			children = (
				B654980D2B18EA6700CFBAE5 /* NameView.swift */,
				B65498142B19A76600CFBAE5 /* PhoneNumView.swift */,
				B6B152EF2B1C651200DF2938 /* PrivacyPolicyView.swift */,
				B65CD4682B25EB7D006A0AA6 /* FirstView.swift */,
			);
			path = Login;
			sourceTree = "<group>";
		};
		B66B91842AEA2B5E006CF777 = {
			isa = PBXGroup;
			children = (
				B66B918F2AEA2B5E006CF777 /* mulmagi_SwiftUI */,
				B66B918E2AEA2B5E006CF777 /* Products */,
			);
			sourceTree = "<group>";
		};
		B66B918E2AEA2B5E006CF777 /* Products */ = {
			isa = PBXGroup;
			children = (
				B66B918D2AEA2B5E006CF777 /* mulmagi_SwiftUI.app */,
			);
			name = Products;
			sourceTree = "<group>";
		};
		B66B918F2AEA2B5E006CF777 /* mulmagi_SwiftUI */ = {
			isa = PBXGroup;
			children = (
				B64E95D82B24E9FA006FF67D /* Setting */,
				B6D7816F2B205CAF00269FAE /* Chat */,
				B6D7816C2B205B9400269FAE /* Model */,
				B61F45B72B1E2C380056C172 /* Point */,
				B654980F2B18EA8A00CFBAE5 /* Login */,
				B6D68FA42B03384300FD5A14 /* Reusable */,
				B66B91AE2AEA4D4B006CF777 /* Menu */,
				B6D68FA92B03A5C000FD5A14 /* Notice */,
				B60C2A012B079FAF0083715B /* Mulmagi */,
				B6D68FA12B03310300FD5A14 /* Notification */,
				B66B91AB2AEA334E006CF777 /* mulmagi-SwiftUI-Info.plist */,
				B66B91A32AEA31FE006CF777 /* Resources */,
				B66B919E2AEA2EEA006CF777 /* Extension+ */,
				B66B91902AEA2B5E006CF777 /* mulmagi_SwiftUIApp.swift */,
				B66B91922AEA2B5E006CF777 /* ContentView.swift */,
				B66B91942AEA2B5F006CF777 /* Assets.xcassets */,
				B66B91962AEA2B5F006CF777 /* Preview Content */,
				B66B91AC2AEA37FD006CF777 /* MainTabbedView.swift */,
				B6D68FA72B03521600FD5A14 /* TempData.swift */,
			);
			path = mulmagi_SwiftUI;
			sourceTree = "<group>";
		};
		B66B91962AEA2B5F006CF777 /* Preview Content */ = {
			isa = PBXGroup;
			children = (
				B66B91972AEA2B5F006CF777 /* Preview Assets.xcassets */,
			);
			path = "Preview Content";
			sourceTree = "<group>";
		};
		B66B919E2AEA2EEA006CF777 /* Extension+ */ = {
			isa = PBXGroup;
			children = (
				B66B919F2AEA2F11006CF777 /* Extension+Color.swift */,
				B66B91A12AEA31D3006CF777 /* Extension+Font.swift */,
				B64E95D22B24BF2E006FF67D /* Date+Helpers.swift */,
			);
			path = "Extension+";
			sourceTree = "<group>";
		};
		B66B91A32AEA31FE006CF777 /* Resources */ = {
			isa = PBXGroup;
			children = (
				B66B91A42AEA3205006CF777 /* Font */,
				B6EA75442B15CBF000703BCE /* LocationManager.swift */,
				B67C82AA2B18B22800800F35 /* QRScannerDelegate.swift */,
			);
			path = Resources;
			sourceTree = "<group>";
		};
		B66B91A42AEA3205006CF777 /* Font */ = {
			isa = PBXGroup;
			children = (
				B66B91A52AEA324C006CF777 /* GmarketSansTTFBold.ttf */,
				B66B91A72AEA324C006CF777 /* GmarketSansTTFLight.ttf */,
				B66B91A62AEA324C006CF777 /* GmarketSansTTFMedium.ttf */,
			);
			path = Font;
			sourceTree = "<group>";
		};
		B66B91AE2AEA4D4B006CF777 /* Menu */ = {
			isa = PBXGroup;
			children = (
				B66B91AF2AEA4D5C006CF777 /* MenuView.swift */,
				B66B91B12AEA4DB3006CF777 /* UserBoxView.swift */,
				B65D76202AFCC34B00503C76 /* PointView.swift */,
				B65D76222AFCCED200503C76 /* MenuButton.swift */,
				B65D76242AFF512900503C76 /* NoticeButton.swift */,
				B65D76262AFF700900503C76 /* WhiteBoxView.swift */,
				B65D76282AFF798500503C76 /* UseInfoView.swift */,
				B61F45BC2B1E42420056C172 /* UsageView.swift */,
			);
			path = Menu;
			sourceTree = "<group>";
		};
		B6D68FA12B03310300FD5A14 /* Notification */ = {
			isa = PBXGroup;
			children = (
				B6D68FA22B03311600FD5A14 /* NotificationView.swift */,
			);
			path = Notification;
			sourceTree = "<group>";
		};
		B6D68FA42B03384300FD5A14 /* Reusable */ = {
			isa = PBXGroup;
			children = (
				B6D68FA52B03385E00FD5A14 /* InsetGroupedListView.swift */,
				B60F68422B17117900A40603 /* QRScanBtn.swift */,
				B6B152F12B1C6ADC00DF2938 /* StandInfoView.swift */,
				B6E765F12B1CD6E7004F11B7 /* UserRentingView.swift */,
				B61F45BA2B1E2D690056C172 /* RadioButtonStyle.swift */,
				B64E95DF2B258508006FF67D /* BackButton.swift */,
			);
			path = Reusable;
			sourceTree = "<group>";
		};
		B6D68FA92B03A5C000FD5A14 /* Notice */ = {
			isa = PBXGroup;
			children = (
				B6D68FAA2B03A5EE00FD5A14 /* NoticeView.swift */,
				B6D68FAC2B063F2700FD5A14 /* NoticeDetailView.swift */,
			);
			path = Notice;
			sourceTree = "<group>";
		};
		B6D7816C2B205B9400269FAE /* Model */ = {
			isa = PBXGroup;
			children = (
				B6D7816D2B205BBA00269FAE /* Chat.swift */,
				B6EA75462B15D1FB00703BCE /* UmbrellaStand.swift */,
				B67C82A82B187CF000800F35 /* Permission.swift */,
				B64E95D62B24D5D1006FF67D /* PointHistory.swift */,
			);
			path = Model;
			sourceTree = "<group>";
		};
		B6D7816F2B205CAF00269FAE /* Chat */ = {
			isa = PBXGroup;
			children = (
				B6D781702B205CBB00269FAE /* ChatView.swift */,
				B64E95CE2B24AC6E006FF67D /* MessageView.swift */,
			);
			path = Chat;
			sourceTree = "<group>";
		};
/* End PBXGroup section */

/* Begin PBXNativeTarget section */
		B66B918C2AEA2B5E006CF777 /* mulmagi_SwiftUI */ = {
			isa = PBXNativeTarget;
			buildConfigurationList = B66B919B2AEA2B5F006CF777 /* Build configuration list for PBXNativeTarget "mulmagi_SwiftUI" */;
			buildPhases = (
				B66B91892AEA2B5E006CF777 /* Sources */,
				B66B918A2AEA2B5E006CF777 /* Frameworks */,
				B66B918B2AEA2B5E006CF777 /* Resources */,
			);
			buildRules = (
			);
			dependencies = (
			);
			name = mulmagi_SwiftUI;
			productName = mulmagi_SwiftUI;
			productReference = B66B918D2AEA2B5E006CF777 /* mulmagi_SwiftUI.app */;
			productType = "com.apple.product-type.application";
		};
/* End PBXNativeTarget section */

/* Begin PBXProject section */
		B66B91852AEA2B5E006CF777 /* Project object */ = {
			isa = PBXProject;
			attributes = {
				BuildIndependentTargetsInParallel = 1;
				LastSwiftUpdateCheck = 1430;
				LastUpgradeCheck = 1430;
				TargetAttributes = {
					B66B918C2AEA2B5E006CF777 = {
						CreatedOnToolsVersion = 14.3.1;
					};
				};
			};
			buildConfigurationList = B66B91882AEA2B5E006CF777 /* Build configuration list for PBXProject "mulmagi_SwiftUI" */;
			compatibilityVersion = "Xcode 14.0";
			developmentRegion = en;
			hasScannedForEncodings = 0;
			knownRegions = (
				en,
				Base,
			);
			mainGroup = B66B91842AEA2B5E006CF777;
			productRefGroup = B66B918E2AEA2B5E006CF777 /* Products */;
			projectDirPath = "";
			projectRoot = "";
			targets = (
				B66B918C2AEA2B5E006CF777 /* mulmagi_SwiftUI */,
			);
		};
/* End PBXProject section */

/* Begin PBXResourcesBuildPhase section */
		B66B918B2AEA2B5E006CF777 /* Resources */ = {
			isa = PBXResourcesBuildPhase;
			buildActionMask = 2147483647;
			files = (
				B66B91982AEA2B5F006CF777 /* Preview Assets.xcassets in Resources */,
				B66B91AA2AEA324C006CF777 /* GmarketSansTTFLight.ttf in Resources */,
				B66B91952AEA2B5F006CF777 /* Assets.xcassets in Resources */,
				B66B91A82AEA324C006CF777 /* GmarketSansTTFBold.ttf in Resources */,
				B66B91A92AEA324C006CF777 /* GmarketSansTTFMedium.ttf in Resources */,
			);
			runOnlyForDeploymentPostprocessing = 0;
		};
/* End PBXResourcesBuildPhase section */

/* Begin PBXSourcesBuildPhase section */
		B66B91892AEA2B5E006CF777 /* Sources */ = {
			isa = PBXSourcesBuildPhase;
			buildActionMask = 2147483647;
			files = (
				B6D781712B205CBB00269FAE /* ChatView.swift in Sources */,
				B61F45B42B1DC5CA0056C172 /* RentCheckView.swift in Sources */,
				B65D76292AFF798500503C76 /* UseInfoView.swift in Sources */,
				B6E765F22B1CD6E7004F11B7 /* UserRentingView.swift in Sources */,
				B65D76272AFF700900503C76 /* WhiteBoxView.swift in Sources */,
				B60F68432B17117900A40603 /* QRScanBtn.swift in Sources */,
				B61F45B02B1D4D160056C172 /* OTPView.swift in Sources */,
				B6EA75472B15D1FB00703BCE /* UmbrellaStand.swift in Sources */,
				B66B91AD2AEA37FD006CF777 /* MainTabbedView.swift in Sources */,
				B64E95D32B24BF2E006FF67D /* Date+Helpers.swift in Sources */,
				B60F68452B17159F00A40603 /* ScanView.swift in Sources */,
				B61F45BB2B1E2D690056C172 /* RadioButtonStyle.swift in Sources */,
				B65498152B19A76600CFBAE5 /* PhoneNumView.swift in Sources */,
				B64E95DE2B25799B006FF67D /* TOSView.swift in Sources */,
				B64E95E02B258508006FF67D /* BackButton.swift in Sources */,
				B65D76252AFF512900503C76 /* NoticeButton.swift in Sources */,
				B66B91B02AEA4D5C006CF777 /* MenuView.swift in Sources */,
				B66B91932AEA2B5E006CF777 /* ContentView.swift in Sources */,
				B64E95DC2B24EA33006FF67D /* AccountView.swift in Sources */,
				B66B91A02AEA2F11006CF777 /* Extension+Color.swift in Sources */,
				B66B91A22AEA31D3006CF777 /* Extension+Font.swift in Sources */,
				B6D7816E2B205BBA00269FAE /* Chat.swift in Sources */,
				B64E95CF2B24AC6E006FF67D /* MessageView.swift in Sources */,
				B6D68FAB2B03A5EE00FD5A14 /* NoticeView.swift in Sources */,
				B67C82A52B1853F100800F35 /* CameraView.swift in Sources */,
				B61F45B92B1E2C430056C172 /* PointChargeView.swift in Sources */,
				B654980E2B18EA6700CFBAE5 /* NameView.swift in Sources */,
				B6B152F02B1C651200DF2938 /* PrivacyPolicyView.swift in Sources */,
				B64E95D72B24D5D1006FF67D /* PointHistory.swift in Sources */,
				B6EA75452B15CBF000703BCE /* LocationManager.swift in Sources */,
				B65D76232AFCCED200503C76 /* MenuButton.swift in Sources */,
				B6B152F22B1C6ADC00DF2938 /* StandInfoView.swift in Sources */,
				B6D68FAD2B063F2700FD5A14 /* NoticeDetailView.swift in Sources */,
				B66B91912AEA2B5E006CF777 /* mulmagi_SwiftUIApp.swift in Sources */,
				B64E95D52B24D449006FF67D /* PointInfoView.swift in Sources */,
				B6D68FA32B03311600FD5A14 /* NotificationView.swift in Sources */,
				B60C2A032B079FF50083715B /* MulmagiView.swift in Sources */,
				B6D68FA82B03521600FD5A14 /* TempData.swift in Sources */,
				B67C82A92B187CF000800F35 /* Permission.swift in Sources */,
				B61F45B62B1DDE920056C172 /* ReturnCheckView.swift in Sources */,
				B66B91B22AEA4DB3006CF777 /* UserBoxView.swift in Sources */,
				B65CD4692B25EB7D006A0AA6 /* FirstView.swift in Sources */,
				B67C82AB2B18B22800800F35 /* QRScannerDelegate.swift in Sources */,
				B65D76212AFCC34B00503C76 /* PointView.swift in Sources */,
				B61F45BD2B1E42420056C172 /* UsageView.swift in Sources */,
				B6D68FA62B03385E00FD5A14 /* InsetGroupedListView.swift in Sources */,
			);
			runOnlyForDeploymentPostprocessing = 0;
		};
/* End PBXSourcesBuildPhase section */

/* Begin XCBuildConfiguration section */
		B66B91992AEA2B5F006CF777 /* Debug */ = {
			isa = XCBuildConfiguration;
			buildSettings = {
				ALWAYS_SEARCH_USER_PATHS = NO;
				CLANG_ANALYZER_NONNULL = YES;
				CLANG_ANALYZER_NUMBER_OBJECT_CONVERSION = YES_AGGRESSIVE;
				CLANG_CXX_LANGUAGE_STANDARD = "gnu++20";
				CLANG_ENABLE_MODULES = YES;
				CLANG_ENABLE_OBJC_ARC = YES;
				CLANG_ENABLE_OBJC_WEAK = YES;
				CLANG_WARN_BLOCK_CAPTURE_AUTORELEASING = YES;
				CLANG_WARN_BOOL_CONVERSION = YES;
				CLANG_WARN_COMMA = YES;
				CLANG_WARN_CONSTANT_CONVERSION = YES;
				CLANG_WARN_DEPRECATED_OBJC_IMPLEMENTATIONS = YES;
				CLANG_WARN_DIRECT_OBJC_ISA_USAGE = YES_ERROR;
				CLANG_WARN_DOCUMENTATION_COMMENTS = YES;
				CLANG_WARN_EMPTY_BODY = YES;
				CLANG_WARN_ENUM_CONVERSION = YES;
				CLANG_WARN_INFINITE_RECURSION = YES;
				CLANG_WARN_INT_CONVERSION = YES;
				CLANG_WARN_NON_LITERAL_NULL_CONVERSION = YES;
				CLANG_WARN_OBJC_IMPLICIT_RETAIN_SELF = YES;
				CLANG_WARN_OBJC_LITERAL_CONVERSION = YES;
				CLANG_WARN_OBJC_ROOT_CLASS = YES_ERROR;
				CLANG_WARN_QUOTED_INCLUDE_IN_FRAMEWORK_HEADER = YES;
				CLANG_WARN_RANGE_LOOP_ANALYSIS = YES;
				CLANG_WARN_STRICT_PROTOTYPES = YES;
				CLANG_WARN_SUSPICIOUS_MOVE = YES;
				CLANG_WARN_UNGUARDED_AVAILABILITY = YES_AGGRESSIVE;
				CLANG_WARN_UNREACHABLE_CODE = YES;
				CLANG_WARN__DUPLICATE_METHOD_MATCH = YES;
				COPY_PHASE_STRIP = NO;
				DEBUG_INFORMATION_FORMAT = dwarf;
				ENABLE_STRICT_OBJC_MSGSEND = YES;
				ENABLE_TESTABILITY = YES;
				GCC_C_LANGUAGE_STANDARD = gnu11;
				GCC_DYNAMIC_NO_PIC = NO;
				GCC_NO_COMMON_BLOCKS = YES;
				GCC_OPTIMIZATION_LEVEL = 0;
				GCC_PREPROCESSOR_DEFINITIONS = (
					"DEBUG=1",
					"$(inherited)",
				);
				GCC_WARN_64_TO_32_BIT_CONVERSION = YES;
				GCC_WARN_ABOUT_RETURN_TYPE = YES_ERROR;
				GCC_WARN_UNDECLARED_SELECTOR = YES;
				GCC_WARN_UNINITIALIZED_AUTOS = YES_AGGRESSIVE;
				GCC_WARN_UNUSED_FUNCTION = YES;
				GCC_WARN_UNUSED_VARIABLE = YES;
				IPHONEOS_DEPLOYMENT_TARGET = 16.4;
				MTL_ENABLE_DEBUG_INFO = INCLUDE_SOURCE;
				MTL_FAST_MATH = YES;
				ONLY_ACTIVE_ARCH = YES;
				SDKROOT = iphoneos;
				SWIFT_ACTIVE_COMPILATION_CONDITIONS = DEBUG;
				SWIFT_OPTIMIZATION_LEVEL = "-Onone";
			};
			name = Debug;
		};
		B66B919A2AEA2B5F006CF777 /* Release */ = {
			isa = XCBuildConfiguration;
			buildSettings = {
				ALWAYS_SEARCH_USER_PATHS = NO;
				CLANG_ANALYZER_NONNULL = YES;
				CLANG_ANALYZER_NUMBER_OBJECT_CONVERSION = YES_AGGRESSIVE;
				CLANG_CXX_LANGUAGE_STANDARD = "gnu++20";
				CLANG_ENABLE_MODULES = YES;
				CLANG_ENABLE_OBJC_ARC = YES;
				CLANG_ENABLE_OBJC_WEAK = YES;
				CLANG_WARN_BLOCK_CAPTURE_AUTORELEASING = YES;
				CLANG_WARN_BOOL_CONVERSION = YES;
				CLANG_WARN_COMMA = YES;
				CLANG_WARN_CONSTANT_CONVERSION = YES;
				CLANG_WARN_DEPRECATED_OBJC_IMPLEMENTATIONS = YES;
				CLANG_WARN_DIRECT_OBJC_ISA_USAGE = YES_ERROR;
				CLANG_WARN_DOCUMENTATION_COMMENTS = YES;
				CLANG_WARN_EMPTY_BODY = YES;
				CLANG_WARN_ENUM_CONVERSION = YES;
				CLANG_WARN_INFINITE_RECURSION = YES;
				CLANG_WARN_INT_CONVERSION = YES;
				CLANG_WARN_NON_LITERAL_NULL_CONVERSION = YES;
				CLANG_WARN_OBJC_IMPLICIT_RETAIN_SELF = YES;
				CLANG_WARN_OBJC_LITERAL_CONVERSION = YES;
				CLANG_WARN_OBJC_ROOT_CLASS = YES_ERROR;
				CLANG_WARN_QUOTED_INCLUDE_IN_FRAMEWORK_HEADER = YES;
				CLANG_WARN_RANGE_LOOP_ANALYSIS = YES;
				CLANG_WARN_STRICT_PROTOTYPES = YES;
				CLANG_WARN_SUSPICIOUS_MOVE = YES;
				CLANG_WARN_UNGUARDED_AVAILABILITY = YES_AGGRESSIVE;
				CLANG_WARN_UNREACHABLE_CODE = YES;
				CLANG_WARN__DUPLICATE_METHOD_MATCH = YES;
				COPY_PHASE_STRIP = NO;
				DEBUG_INFORMATION_FORMAT = "dwarf-with-dsym";
				ENABLE_NS_ASSERTIONS = NO;
				ENABLE_STRICT_OBJC_MSGSEND = YES;
				GCC_C_LANGUAGE_STANDARD = gnu11;
				GCC_NO_COMMON_BLOCKS = YES;
				GCC_WARN_64_TO_32_BIT_CONVERSION = YES;
				GCC_WARN_ABOUT_RETURN_TYPE = YES_ERROR;
				GCC_WARN_UNDECLARED_SELECTOR = YES;
				GCC_WARN_UNINITIALIZED_AUTOS = YES_AGGRESSIVE;
				GCC_WARN_UNUSED_FUNCTION = YES;
				GCC_WARN_UNUSED_VARIABLE = YES;
				IPHONEOS_DEPLOYMENT_TARGET = 16.4;
				MTL_ENABLE_DEBUG_INFO = NO;
				MTL_FAST_MATH = YES;
				SDKROOT = iphoneos;
				SWIFT_COMPILATION_MODE = wholemodule;
				SWIFT_OPTIMIZATION_LEVEL = "-O";
				VALIDATE_PRODUCT = YES;
			};
			name = Release;
		};
		B66B919C2AEA2B5F006CF777 /* Debug */ = {
			isa = XCBuildConfiguration;
			buildSettings = {
				ASSETCATALOG_COMPILER_APPICON_NAME = AppIcon;
				ASSETCATALOG_COMPILER_GLOBAL_ACCENT_COLOR_NAME = AccentColor;
				CODE_SIGN_STYLE = Automatic;
				CURRENT_PROJECT_VERSION = 1;
				DEVELOPMENT_ASSET_PATHS = "\"mulmagi_SwiftUI/Preview Content\"";
				DEVELOPMENT_TEAM = H278GZ4GQ7;
				ENABLE_PREVIEWS = YES;
				GENERATE_INFOPLIST_FILE = YES;
				INFOPLIST_FILE = "mulmagi-SwiftUI-Info.plist";
				INFOPLIST_KEY_UIApplicationSceneManifest_Generation = YES;
				INFOPLIST_KEY_UIApplicationSupportsIndirectInputEvents = YES;
				INFOPLIST_KEY_UILaunchScreen_Generation = YES;
				INFOPLIST_KEY_UISupportedInterfaceOrientations_iPad = "UIInterfaceOrientationPortrait UIInterfaceOrientationPortraitUpsideDown UIInterfaceOrientationLandscapeLeft UIInterfaceOrientationLandscapeRight";
				INFOPLIST_KEY_UISupportedInterfaceOrientations_iPhone = "UIInterfaceOrientationPortrait UIInterfaceOrientationLandscapeLeft UIInterfaceOrientationLandscapeRight";
				LD_RUNPATH_SEARCH_PATHS = (
					"$(inherited)",
					"@executable_path/Frameworks",
				);
				MARKETING_VERSION = 1.0;
				PRODUCT_BUNDLE_IDENTIFIER = "com.Alice.mulmagi-SwiftUI";
				PRODUCT_NAME = "$(TARGET_NAME)";
				SWIFT_EMIT_LOC_STRINGS = YES;
				SWIFT_VERSION = 5.0;
				TARGETED_DEVICE_FAMILY = "1,2";
			};
			name = Debug;
		};
		B66B919D2AEA2B5F006CF777 /* Release */ = {
			isa = XCBuildConfiguration;
			buildSettings = {
				ASSETCATALOG_COMPILER_APPICON_NAME = AppIcon;
				ASSETCATALOG_COMPILER_GLOBAL_ACCENT_COLOR_NAME = AccentColor;
				CODE_SIGN_STYLE = Automatic;
				CURRENT_PROJECT_VERSION = 1;
				DEVELOPMENT_ASSET_PATHS = "\"mulmagi_SwiftUI/Preview Content\"";
				DEVELOPMENT_TEAM = H278GZ4GQ7;
				ENABLE_PREVIEWS = YES;
				GENERATE_INFOPLIST_FILE = YES;
				INFOPLIST_FILE = "mulmagi-SwiftUI-Info.plist";
				INFOPLIST_KEY_UIApplicationSceneManifest_Generation = YES;
				INFOPLIST_KEY_UIApplicationSupportsIndirectInputEvents = YES;
				INFOPLIST_KEY_UILaunchScreen_Generation = YES;
				INFOPLIST_KEY_UISupportedInterfaceOrientations_iPad = "UIInterfaceOrientationPortrait UIInterfaceOrientationPortraitUpsideDown UIInterfaceOrientationLandscapeLeft UIInterfaceOrientationLandscapeRight";
				INFOPLIST_KEY_UISupportedInterfaceOrientations_iPhone = "UIInterfaceOrientationPortrait UIInterfaceOrientationLandscapeLeft UIInterfaceOrientationLandscapeRight";
				LD_RUNPATH_SEARCH_PATHS = (
					"$(inherited)",
					"@executable_path/Frameworks",
				);
				MARKETING_VERSION = 1.0;
				PRODUCT_BUNDLE_IDENTIFIER = "com.Alice.mulmagi-SwiftUI";
				PRODUCT_NAME = "$(TARGET_NAME)";
				SWIFT_EMIT_LOC_STRINGS = YES;
				SWIFT_VERSION = 5.0;
				TARGETED_DEVICE_FAMILY = "1,2";
			};
			name = Release;
		};
/* End XCBuildConfiguration section */

/* Begin XCConfigurationList section */
		B66B91882AEA2B5E006CF777 /* Build configuration list for PBXProject "mulmagi_SwiftUI" */ = {
			isa = XCConfigurationList;
			buildConfigurations = (
				B66B91992AEA2B5F006CF777 /* Debug */,
				B66B919A2AEA2B5F006CF777 /* Release */,
			);
			defaultConfigurationIsVisible = 0;
			defaultConfigurationName = Release;
		};
		B66B919B2AEA2B5F006CF777 /* Build configuration list for PBXNativeTarget "mulmagi_SwiftUI" */ = {
			isa = XCConfigurationList;
			buildConfigurations = (
				B66B919C2AEA2B5F006CF777 /* Debug */,
				B66B919D2AEA2B5F006CF777 /* Release */,
			);
			defaultConfigurationIsVisible = 0;
			defaultConfigurationName = Release;
		};
/* End XCConfigurationList section */
	};
	rootObject = B66B91852AEA2B5E006CF777 /* Project object */;
}
