// !$*UTF8*$!
{
	archiveVersion = 1;
	classes = {
	};
	objectVersion = 56;
	objects = {

/* Begin PBXBuildFile section */
		B65D76212AFCC34B00503C76 /* PointView.swift in Sources */ = {isa = PBXBuildFile; fileRef = B65D76202AFCC34B00503C76 /* PointView.swift */; };
		B65D76232AFCCED200503C76 /* MenuButton.swift in Sources */ = {isa = PBXBuildFile; fileRef = B65D76222AFCCED200503C76 /* MenuButton.swift */; };
		B65D76252AFF512900503C76 /* NoticeButton.swift in Sources */ = {isa = PBXBuildFile; fileRef = B65D76242AFF512900503C76 /* NoticeButton.swift */; };
		B65D76272AFF700900503C76 /* WhiteBoxView.swift in Sources */ = {isa = PBXBuildFile; fileRef = B65D76262AFF700900503C76 /* WhiteBoxView.swift */; };
		B65D76292AFF798500503C76 /* UseInfoView.swift in Sources */ = {isa = PBXBuildFile; fileRef = B65D76282AFF798500503C76 /* UseInfoView.swift */; };
		B66B91912AEA2B5E006CF777 /* mulmagi_SwiftUIApp.swift in Sources */ = {isa = PBXBuildFile; fileRef = B66B91902AEA2B5E006CF777 /* mulmagi_SwiftUIApp.swift */; };
		B66B91932AEA2B5E006CF777 /* ContentView.swift in Sources */ = {isa = PBXBuildFile; fileRef = B66B91922AEA2B5E006CF777 /* ContentView.swift */; };
		B66B91952AEA2B5F006CF777 /* Assets.xcassets in Resources */ = {isa = PBXBuildFile; fileRef = B66B91942AEA2B5F006CF777 /* Assets.xcassets */; };
		B66B91982AEA2B5F006CF777 /* Preview Assets.xcassets in Resources */ = {isa = PBXBuildFile; fileRef = B66B91972AEA2B5F006CF777 /* Preview Assets.xcassets */; };
		B66B91A02AEA2F11006CF777 /* Extension+Color.swift in Sources */ = {isa = PBXBuildFile; fileRef = B66B919F2AEA2F11006CF777 /* Extension+Color.swift */; };
		B66B91A22AEA31D3006CF777 /* Extension+Font.swift in Sources */ = {isa = PBXBuildFile; fileRef = B66B91A12AEA31D3006CF777 /* Extension+Font.swift */; };
		B66B91A82AEA324C006CF777 /* GmarketSansTTFBold.ttf in Resources */ = {isa = PBXBuildFile; fileRef = B66B91A52AEA324C006CF777 /* GmarketSansTTFBold.ttf */; };
		B66B91A92AEA324C006CF777 /* GmarketSansTTFMedium.ttf in Resources */ = {isa = PBXBuildFile; fileRef = B66B91A62AEA324C006CF777 /* GmarketSansTTFMedium.ttf */; };
		B66B91AA2AEA324C006CF777 /* GmarketSansTTFLight.ttf in Resources */ = {isa = PBXBuildFile; fileRef = B66B91A72AEA324C006CF777 /* GmarketSansTTFLight.ttf */; };
		B66B91AD2AEA37FD006CF777 /* MainTabbedView.swift in Sources */ = {isa = PBXBuildFile; fileRef = B66B91AC2AEA37FD006CF777 /* MainTabbedView.swift */; };
		B66B91B02AEA4D5C006CF777 /* MenuView.swift in Sources */ = {isa = PBXBuildFile; fileRef = B66B91AF2AEA4D5C006CF777 /* MenuView.swift */; };
		B66B91B22AEA4DB3006CF777 /* UserBoxView.swift in Sources */ = {isa = PBXBuildFile; fileRef = B66B91B12AEA4DB3006CF777 /* UserBoxView.swift */; };
		B6D68FA32B03311600FD5A14 /* NotificationView.swift in Sources */ = {isa = PBXBuildFile; fileRef = B6D68FA22B03311600FD5A14 /* NotificationView.swift */; };
		B6D68FA62B03385E00FD5A14 /* InsetGroupedListView.swift in Sources */ = {isa = PBXBuildFile; fileRef = B6D68FA52B03385E00FD5A14 /* InsetGroupedListView.swift */; };
		B6D68FA82B03521600FD5A14 /* TempData.swift in Sources */ = {isa = PBXBuildFile; fileRef = B6D68FA72B03521600FD5A14 /* TempData.swift */; };
		B6D68FAB2B03A5EE00FD5A14 /* NoticeView.swift in Sources */ = {isa = PBXBuildFile; fileRef = B6D68FAA2B03A5EE00FD5A14 /* NoticeView.swift */; };
		B6D68FAD2B063F2700FD5A14 /* NoticeDetailView.swift in Sources */ = {isa = PBXBuildFile; fileRef = B6D68FAC2B063F2700FD5A14 /* NoticeDetailView.swift */; };
/* End PBXBuildFile section */

/* Begin PBXFileReference section */
		B65D76202AFCC34B00503C76 /* PointView.swift */ = {isa = PBXFileReference; lastKnownFileType = sourcecode.swift; path = PointView.swift; sourceTree = "<group>"; };
		B65D76222AFCCED200503C76 /* MenuButton.swift */ = {isa = PBXFileReference; lastKnownFileType = sourcecode.swift; path = MenuButton.swift; sourceTree = "<group>"; };
		B65D76242AFF512900503C76 /* NoticeButton.swift */ = {isa = PBXFileReference; lastKnownFileType = sourcecode.swift; path = NoticeButton.swift; sourceTree = "<group>"; };
		B65D76262AFF700900503C76 /* WhiteBoxView.swift */ = {isa = PBXFileReference; lastKnownFileType = sourcecode.swift; path = WhiteBoxView.swift; sourceTree = "<group>"; };
		B65D76282AFF798500503C76 /* UseInfoView.swift */ = {isa = PBXFileReference; lastKnownFileType = sourcecode.swift; path = UseInfoView.swift; sourceTree = "<group>"; };
		B66B918D2AEA2B5E006CF777 /* mulmagi_SwiftUI.app */ = {isa = PBXFileReference; explicitFileType = wrapper.application; includeInIndex = 0; path = mulmagi_SwiftUI.app; sourceTree = BUILT_PRODUCTS_DIR; };
		B66B91902AEA2B5E006CF777 /* mulmagi_SwiftUIApp.swift */ = {isa = PBXFileReference; lastKnownFileType = sourcecode.swift; path = mulmagi_SwiftUIApp.swift; sourceTree = "<group>"; };
		B66B91922AEA2B5E006CF777 /* ContentView.swift */ = {isa = PBXFileReference; lastKnownFileType = sourcecode.swift; path = ContentView.swift; sourceTree = "<group>"; };
		B66B91942AEA2B5F006CF777 /* Assets.xcassets */ = {isa = PBXFileReference; lastKnownFileType = folder.assetcatalog; path = Assets.xcassets; sourceTree = "<group>"; };
		B66B91972AEA2B5F006CF777 /* Preview Assets.xcassets */ = {isa = PBXFileReference; lastKnownFileType = folder.assetcatalog; path = "Preview Assets.xcassets"; sourceTree = "<group>"; };
		B66B919F2AEA2F11006CF777 /* Extension+Color.swift */ = {isa = PBXFileReference; lastKnownFileType = sourcecode.swift; path = "Extension+Color.swift"; sourceTree = "<group>"; };
		B66B91A12AEA31D3006CF777 /* Extension+Font.swift */ = {isa = PBXFileReference; lastKnownFileType = sourcecode.swift; path = "Extension+Font.swift"; sourceTree = "<group>"; };
		B66B91A52AEA324C006CF777 /* GmarketSansTTFBold.ttf */ = {isa = PBXFileReference; lastKnownFileType = file; path = GmarketSansTTFBold.ttf; sourceTree = "<group>"; };
		B66B91A62AEA324C006CF777 /* GmarketSansTTFMedium.ttf */ = {isa = PBXFileReference; lastKnownFileType = file; path = GmarketSansTTFMedium.ttf; sourceTree = "<group>"; };
		B66B91A72AEA324C006CF777 /* GmarketSansTTFLight.ttf */ = {isa = PBXFileReference; lastKnownFileType = file; path = GmarketSansTTFLight.ttf; sourceTree = "<group>"; };
		B66B91AB2AEA334E006CF777 /* mulmagi-SwiftUI-Info.plist */ = {isa = PBXFileReference; lastKnownFileType = text.plist; path = "mulmagi-SwiftUI-Info.plist"; sourceTree = SOURCE_ROOT; };
		B66B91AC2AEA37FD006CF777 /* MainTabbedView.swift */ = {isa = PBXFileReference; lastKnownFileType = sourcecode.swift; path = MainTabbedView.swift; sourceTree = "<group>"; };
		B66B91AF2AEA4D5C006CF777 /* MenuView.swift */ = {isa = PBXFileReference; lastKnownFileType = sourcecode.swift; path = MenuView.swift; sourceTree = "<group>"; };
		B66B91B12AEA4DB3006CF777 /* UserBoxView.swift */ = {isa = PBXFileReference; lastKnownFileType = sourcecode.swift; path = UserBoxView.swift; sourceTree = "<group>"; };
		B6D68FA22B03311600FD5A14 /* NotificationView.swift */ = {isa = PBXFileReference; lastKnownFileType = sourcecode.swift; path = NotificationView.swift; sourceTree = "<group>"; };
		B6D68FA52B03385E00FD5A14 /* InsetGroupedListView.swift */ = {isa = PBXFileReference; lastKnownFileType = sourcecode.swift; path = InsetGroupedListView.swift; sourceTree = "<group>"; };
		B6D68FA72B03521600FD5A14 /* TempData.swift */ = {isa = PBXFileReference; lastKnownFileType = sourcecode.swift; path = TempData.swift; sourceTree = "<group>"; };
		B6D68FAA2B03A5EE00FD5A14 /* NoticeView.swift */ = {isa = PBXFileReference; lastKnownFileType = sourcecode.swift; path = NoticeView.swift; sourceTree = "<group>"; };
		B6D68FAC2B063F2700FD5A14 /* NoticeDetailView.swift */ = {isa = PBXFileReference; lastKnownFileType = sourcecode.swift; path = NoticeDetailView.swift; sourceTree = "<group>"; };
/* End PBXFileReference section */

/* Begin PBXFrameworksBuildPhase section */
		B66B918A2AEA2B5E006CF777 /* Frameworks */ = {
			isa = PBXFrameworksBuildPhase;
			buildActionMask = 2147483647;
			files = (
			);
			runOnlyForDeploymentPostprocessing = 0;
		};
/* End PBXFrameworksBuildPhase section */

/* Begin PBXGroup section */
		B66B91842AEA2B5E006CF777 = {
			isa = PBXGroup;
			children = (
				B66B918F2AEA2B5E006CF777 /* mulmagi_SwiftUI */,
				B66B918E2AEA2B5E006CF777 /* Products */,
			);
			sourceTree = "<group>";
		};
		B66B918E2AEA2B5E006CF777 /* Products */ = {
			isa = PBXGroup;
			children = (
				B66B918D2AEA2B5E006CF777 /* mulmagi_SwiftUI.app */,
			);
			name = Products;
			sourceTree = "<group>";
		};
		B66B918F2AEA2B5E006CF777 /* mulmagi_SwiftUI */ = {
			isa = PBXGroup;
			children = (
				B6D68FA42B03384300FD5A14 /* Reusable */,
				B66B91AE2AEA4D4B006CF777 /* Menu */,
				B6D68FA92B03A5C000FD5A14 /* Notice */,
				B6D68FA12B03310300FD5A14 /* Notification */,
				B66B91AB2AEA334E006CF777 /* mulmagi-SwiftUI-Info.plist */,
				B66B91A32AEA31FE006CF777 /* Resources */,
				B66B919E2AEA2EEA006CF777 /* Extension+ */,
				B66B91902AEA2B5E006CF777 /* mulmagi_SwiftUIApp.swift */,
				B66B91922AEA2B5E006CF777 /* ContentView.swift */,
				B66B91942AEA2B5F006CF777 /* Assets.xcassets */,
				B66B91962AEA2B5F006CF777 /* Preview Content */,
				B66B91AC2AEA37FD006CF777 /* MainTabbedView.swift */,
				B6D68FA72B03521600FD5A14 /* TempData.swift */,
			);
			path = mulmagi_SwiftUI;
			sourceTree = "<group>";
		};
		B66B91962AEA2B5F006CF777 /* Preview Content */ = {
			isa = PBXGroup;
			children = (
				B66B91972AEA2B5F006CF777 /* Preview Assets.xcassets */,
			);
			path = "Preview Content";
			sourceTree = "<group>";
		};
		B66B919E2AEA2EEA006CF777 /* Extension+ */ = {
			isa = PBXGroup;
			children = (
				B66B919F2AEA2F11006CF777 /* Extension+Color.swift */,
				B66B91A12AEA31D3006CF777 /* Extension+Font.swift */,
			);
			path = "Extension+";
			sourceTree = "<group>";
		};
		B66B91A32AEA31FE006CF777 /* Resources */ = {
			isa = PBXGroup;
			children = (
				B66B91A42AEA3205006CF777 /* Font */,
			);
			path = Resources;
			sourceTree = "<group>";
		};
		B66B91A42AEA3205006CF777 /* Font */ = {
			isa = PBXGroup;
			children = (
				B66B91A52AEA324C006CF777 /* GmarketSansTTFBold.ttf */,
				B66B91A72AEA324C006CF777 /* GmarketSansTTFLight.ttf */,
				B66B91A62AEA324C006CF777 /* GmarketSansTTFMedium.ttf */,
			);
			path = Font;
			sourceTree = "<group>";
		};
		B66B91AE2AEA4D4B006CF777 /* Menu */ = {
			isa = PBXGroup;
			children = (
				B66B91AF2AEA4D5C006CF777 /* MenuView.swift */,
				B66B91B12AEA4DB3006CF777 /* UserBoxView.swift */,
				B65D76202AFCC34B00503C76 /* PointView.swift */,
				B65D76222AFCCED200503C76 /* MenuButton.swift */,
				B65D76242AFF512900503C76 /* NoticeButton.swift */,
				B65D76262AFF700900503C76 /* WhiteBoxView.swift */,
				B65D76282AFF798500503C76 /* UseInfoView.swift */,
			);
			path = Menu;
			sourceTree = "<group>";
		};
		B6D68FA12B03310300FD5A14 /* Notification */ = {
			isa = PBXGroup;
			children = (
				B6D68FA22B03311600FD5A14 /* NotificationView.swift */,
			);
			path = Notification;
			sourceTree = "<group>";
		};
		B6D68FA42B03384300FD5A14 /* Reusable */ = {
			isa = PBXGroup;
			children = (
				B6D68FA52B03385E00FD5A14 /* InsetGroupedListView.swift */,
			);
			path = Reusable;
			sourceTree = "<group>";
		};
		B6D68FA92B03A5C000FD5A14 /* Notice */ = {
			isa = PBXGroup;
			children = (
				B6D68FAA2B03A5EE00FD5A14 /* NoticeView.swift */,
				B6D68FAC2B063F2700FD5A14 /* NoticeDetailView.swift */,
			);
			path = Notice;
			sourceTree = "<group>";
		};
/* End PBXGroup section */

/* Begin PBXNativeTarget section */
		B66B918C2AEA2B5E006CF777 /* mulmagi_SwiftUI */ = {
			isa = PBXNativeTarget;
			buildConfigurationList = B66B919B2AEA2B5F006CF777 /* Build configuration list for PBXNativeTarget "mulmagi_SwiftUI" */;
			buildPhases = (
				B66B91892AEA2B5E006CF777 /* Sources */,
				B66B918A2AEA2B5E006CF777 /* Frameworks */,
				B66B918B2AEA2B5E006CF777 /* Resources */,
			);
			buildRules = (
			);
			dependencies = (
			);
			name = mulmagi_SwiftUI;
			productName = mulmagi_SwiftUI;
			productReference = B66B918D2AEA2B5E006CF777 /* mulmagi_SwiftUI.app */;
			productType = "com.apple.product-type.application";
		};
/* End PBXNativeTarget section */

/* Begin PBXProject section */
		B66B91852AEA2B5E006CF777 /* Project object */ = {
			isa = PBXProject;
			attributes = {
				BuildIndependentTargetsInParallel = 1;
				LastSwiftUpdateCheck = 1430;
				LastUpgradeCheck = 1430;
				TargetAttributes = {
					B66B918C2AEA2B5E006CF777 = {
						CreatedOnToolsVersion = 14.3.1;
					};
				};
			};
			buildConfigurationList = B66B91882AEA2B5E006CF777 /* Build configuration list for PBXProject "mulmagi_SwiftUI" */;
			compatibilityVersion = "Xcode 14.0";
			developmentRegion = en;
			hasScannedForEncodings = 0;
			knownRegions = (
				en,
				Base,
			);
			mainGroup = B66B91842AEA2B5E006CF777;
			productRefGroup = B66B918E2AEA2B5E006CF777 /* Products */;
			projectDirPath = "";
			projectRoot = "";
			targets = (
				B66B918C2AEA2B5E006CF777 /* mulmagi_SwiftUI */,
			);
		};
/* End PBXProject section */

/* Begin PBXResourcesBuildPhase section */
		B66B918B2AEA2B5E006CF777 /* Resources */ = {
			isa = PBXResourcesBuildPhase;
			buildActionMask = 2147483647;
			files = (
				B66B91982AEA2B5F006CF777 /* Preview Assets.xcassets in Resources */,
				B66B91AA2AEA324C006CF777 /* GmarketSansTTFLight.ttf in Resources */,
				B66B91952AEA2B5F006CF777 /* Assets.xcassets in Resources */,
				B66B91A82AEA324C006CF777 /* GmarketSansTTFBold.ttf in Resources */,
				B66B91A92AEA324C006CF777 /* GmarketSansTTFMedium.ttf in Resources */,
			);
			runOnlyForDeploymentPostprocessing = 0;
		};
/* End PBXResourcesBuildPhase section */

/* Begin PBXSourcesBuildPhase section */
		B66B91892AEA2B5E006CF777 /* Sources */ = {
			isa = PBXSourcesBuildPhase;
			buildActionMask = 2147483647;
			files = (
				B65D76292AFF798500503C76 /* UseInfoView.swift in Sources */,
				B65D76272AFF700900503C76 /* WhiteBoxView.swift in Sources */,
				B66B91AD2AEA37FD006CF777 /* MainTabbedView.swift in Sources */,
				B65D76252AFF512900503C76 /* NoticeButton.swift in Sources */,
				B66B91B02AEA4D5C006CF777 /* MenuView.swift in Sources */,
				B66B91932AEA2B5E006CF777 /* ContentView.swift in Sources */,
				B66B91A02AEA2F11006CF777 /* Extension+Color.swift in Sources */,
				B66B91A22AEA31D3006CF777 /* Extension+Font.swift in Sources */,
				B6D68FAB2B03A5EE00FD5A14 /* NoticeView.swift in Sources */,
				B65D76232AFCCED200503C76 /* MenuButton.swift in Sources */,
				B6D68FAD2B063F2700FD5A14 /* NoticeDetailView.swift in Sources */,
				B66B91912AEA2B5E006CF777 /* mulmagi_SwiftUIApp.swift in Sources */,
				B6D68FA32B03311600FD5A14 /* NotificationView.swift in Sources */,
				B6D68FA82B03521600FD5A14 /* TempData.swift in Sources */,
				B66B91B22AEA4DB3006CF777 /* UserBoxView.swift in Sources */,
				B65D76212AFCC34B00503C76 /* PointView.swift in Sources */,
				B6D68FA62B03385E00FD5A14 /* InsetGroupedListView.swift in Sources */,
			);
			runOnlyForDeploymentPostprocessing = 0;
		};
/* End PBXSourcesBuildPhase section */

/* Begin XCBuildConfiguration section */
		B66B91992AEA2B5F006CF777 /* Debug */ = {
			isa = XCBuildConfiguration;
			buildSettings = {
				ALWAYS_SEARCH_USER_PATHS = NO;
				CLANG_ANALYZER_NONNULL = YES;
				CLANG_ANALYZER_NUMBER_OBJECT_CONVERSION = YES_AGGRESSIVE;
				CLANG_CXX_LANGUAGE_STANDARD = "gnu++20";
				CLANG_ENABLE_MODULES = YES;
				CLANG_ENABLE_OBJC_ARC = YES;
				CLANG_ENABLE_OBJC_WEAK = YES;
				CLANG_WARN_BLOCK_CAPTURE_AUTORELEASING = YES;
				CLANG_WARN_BOOL_CONVERSION = YES;
				CLANG_WARN_COMMA = YES;
				CLANG_WARN_CONSTANT_CONVERSION = YES;
				CLANG_WARN_DEPRECATED_OBJC_IMPLEMENTATIONS = YES;
				CLANG_WARN_DIRECT_OBJC_ISA_USAGE = YES_ERROR;
				CLANG_WARN_DOCUMENTATION_COMMENTS = YES;
				CLANG_WARN_EMPTY_BODY = YES;
				CLANG_WARN_ENUM_CONVERSION = YES;
				CLANG_WARN_INFINITE_RECURSION = YES;
				CLANG_WARN_INT_CONVERSION = YES;
				CLANG_WARN_NON_LITERAL_NULL_CONVERSION = YES;
				CLANG_WARN_OBJC_IMPLICIT_RETAIN_SELF = YES;
				CLANG_WARN_OBJC_LITERAL_CONVERSION = YES;
				CLANG_WARN_OBJC_ROOT_CLASS = YES_ERROR;
				CLANG_WARN_QUOTED_INCLUDE_IN_FRAMEWORK_HEADER = YES;
				CLANG_WARN_RANGE_LOOP_ANALYSIS = YES;
				CLANG_WARN_STRICT_PROTOTYPES = YES;
				CLANG_WARN_SUSPICIOUS_MOVE = YES;
				CLANG_WARN_UNGUARDED_AVAILABILITY = YES_AGGRESSIVE;
				CLANG_WARN_UNREACHABLE_CODE = YES;
				CLANG_WARN__DUPLICATE_METHOD_MATCH = YES;
				COPY_PHASE_STRIP = NO;
				DEBUG_INFORMATION_FORMAT = dwarf;
				ENABLE_STRICT_OBJC_MSGSEND = YES;
				ENABLE_TESTABILITY = YES;
				GCC_C_LANGUAGE_STANDARD = gnu11;
				GCC_DYNAMIC_NO_PIC = NO;
				GCC_NO_COMMON_BLOCKS = YES;
				GCC_OPTIMIZATION_LEVEL = 0;
				GCC_PREPROCESSOR_DEFINITIONS = (
					"DEBUG=1",
					"$(inherited)",
				);
				GCC_WARN_64_TO_32_BIT_CONVERSION = YES;
				GCC_WARN_ABOUT_RETURN_TYPE = YES_ERROR;
				GCC_WARN_UNDECLARED_SELECTOR = YES;
				GCC_WARN_UNINITIALIZED_AUTOS = YES_AGGRESSIVE;
				GCC_WARN_UNUSED_FUNCTION = YES;
				GCC_WARN_UNUSED_VARIABLE = YES;
				IPHONEOS_DEPLOYMENT_TARGET = 16.4;
				MTL_ENABLE_DEBUG_INFO = INCLUDE_SOURCE;
				MTL_FAST_MATH = YES;
				ONLY_ACTIVE_ARCH = YES;
				SDKROOT = iphoneos;
				SWIFT_ACTIVE_COMPILATION_CONDITIONS = DEBUG;
				SWIFT_OPTIMIZATION_LEVEL = "-Onone";
			};
			name = Debug;
		};
		B66B919A2AEA2B5F006CF777 /* Release */ = {
			isa = XCBuildConfiguration;
			buildSettings = {
				ALWAYS_SEARCH_USER_PATHS = NO;
				CLANG_ANALYZER_NONNULL = YES;
				CLANG_ANALYZER_NUMBER_OBJECT_CONVERSION = YES_AGGRESSIVE;
				CLANG_CXX_LANGUAGE_STANDARD = "gnu++20";
				CLANG_ENABLE_MODULES = YES;
				CLANG_ENABLE_OBJC_ARC = YES;
				CLANG_ENABLE_OBJC_WEAK = YES;
				CLANG_WARN_BLOCK_CAPTURE_AUTORELEASING = YES;
				CLANG_WARN_BOOL_CONVERSION = YES;
				CLANG_WARN_COMMA = YES;
				CLANG_WARN_CONSTANT_CONVERSION = YES;
				CLANG_WARN_DEPRECATED_OBJC_IMPLEMENTATIONS = YES;
				CLANG_WARN_DIRECT_OBJC_ISA_USAGE = YES_ERROR;
				CLANG_WARN_DOCUMENTATION_COMMENTS = YES;
				CLANG_WARN_EMPTY_BODY = YES;
				CLANG_WARN_ENUM_CONVERSION = YES;
				CLANG_WARN_INFINITE_RECURSION = YES;
				CLANG_WARN_INT_CONVERSION = YES;
				CLANG_WARN_NON_LITERAL_NULL_CONVERSION = YES;
				CLANG_WARN_OBJC_IMPLICIT_RETAIN_SELF = YES;
				CLANG_WARN_OBJC_LITERAL_CONVERSION = YES;
				CLANG_WARN_OBJC_ROOT_CLASS = YES_ERROR;
				CLANG_WARN_QUOTED_INCLUDE_IN_FRAMEWORK_HEADER = YES;
				CLANG_WARN_RANGE_LOOP_ANALYSIS = YES;
				CLANG_WARN_STRICT_PROTOTYPES = YES;
				CLANG_WARN_SUSPICIOUS_MOVE = YES;
				CLANG_WARN_UNGUARDED_AVAILABILITY = YES_AGGRESSIVE;
				CLANG_WARN_UNREACHABLE_CODE = YES;
				CLANG_WARN__DUPLICATE_METHOD_MATCH = YES;
				COPY_PHASE_STRIP = NO;
				DEBUG_INFORMATION_FORMAT = "dwarf-with-dsym";
				ENABLE_NS_ASSERTIONS = NO;
				ENABLE_STRICT_OBJC_MSGSEND = YES;
				GCC_C_LANGUAGE_STANDARD = gnu11;
				GCC_NO_COMMON_BLOCKS = YES;
				GCC_WARN_64_TO_32_BIT_CONVERSION = YES;
				GCC_WARN_ABOUT_RETURN_TYPE = YES_ERROR;
				GCC_WARN_UNDECLARED_SELECTOR = YES;
				GCC_WARN_UNINITIALIZED_AUTOS = YES_AGGRESSIVE;
				GCC_WARN_UNUSED_FUNCTION = YES;
				GCC_WARN_UNUSED_VARIABLE = YES;
				IPHONEOS_DEPLOYMENT_TARGET = 16.4;
				MTL_ENABLE_DEBUG_INFO = NO;
				MTL_FAST_MATH = YES;
				SDKROOT = iphoneos;
				SWIFT_COMPILATION_MODE = wholemodule;
				SWIFT_OPTIMIZATION_LEVEL = "-O";
				VALIDATE_PRODUCT = YES;
			};
			name = Release;
		};
		B66B919C2AEA2B5F006CF777 /* Debug */ = {
			isa = XCBuildConfiguration;
			buildSettings = {
				ASSETCATALOG_COMPILER_APPICON_NAME = AppIcon;
				ASSETCATALOG_COMPILER_GLOBAL_ACCENT_COLOR_NAME = AccentColor;
				CODE_SIGN_STYLE = Automatic;
				CURRENT_PROJECT_VERSION = 1;
				DEVELOPMENT_ASSET_PATHS = "\"mulmagi_SwiftUI/Preview Content\"";
				DEVELOPMENT_TEAM = H278GZ4GQ7;
				ENABLE_PREVIEWS = YES;
				GENERATE_INFOPLIST_FILE = YES;
				INFOPLIST_FILE = "mulmagi-SwiftUI-Info.plist";
				INFOPLIST_KEY_UIApplicationSceneManifest_Generation = YES;
				INFOPLIST_KEY_UIApplicationSupportsIndirectInputEvents = YES;
				INFOPLIST_KEY_UILaunchScreen_Generation = YES;
				INFOPLIST_KEY_UISupportedInterfaceOrientations_iPad = "UIInterfaceOrientationPortrait UIInterfaceOrientationPortraitUpsideDown UIInterfaceOrientationLandscapeLeft UIInterfaceOrientationLandscapeRight";
				INFOPLIST_KEY_UISupportedInterfaceOrientations_iPhone = "UIInterfaceOrientationPortrait UIInterfaceOrientationLandscapeLeft UIInterfaceOrientationLandscapeRight";
				LD_RUNPATH_SEARCH_PATHS = (
					"$(inherited)",
					"@executable_path/Frameworks",
				);
				MARKETING_VERSION = 1.0;
				PRODUCT_BUNDLE_IDENTIFIER = "com.Alice.mulmagi-SwiftUI";
				PRODUCT_NAME = "$(TARGET_NAME)";
				SWIFT_EMIT_LOC_STRINGS = YES;
				SWIFT_VERSION = 5.0;
				TARGETED_DEVICE_FAMILY = "1,2";
			};
			name = Debug;
		};
		B66B919D2AEA2B5F006CF777 /* Release */ = {
			isa = XCBuildConfiguration;
			buildSettings = {
				ASSETCATALOG_COMPILER_APPICON_NAME = AppIcon;
				ASSETCATALOG_COMPILER_GLOBAL_ACCENT_COLOR_NAME = AccentColor;
				CODE_SIGN_STYLE = Automatic;
				CURRENT_PROJECT_VERSION = 1;
				DEVELOPMENT_ASSET_PATHS = "\"mulmagi_SwiftUI/Preview Content\"";
				DEVELOPMENT_TEAM = H278GZ4GQ7;
				ENABLE_PREVIEWS = YES;
				GENERATE_INFOPLIST_FILE = YES;
				INFOPLIST_FILE = "mulmagi-SwiftUI-Info.plist";
				INFOPLIST_KEY_UIApplicationSceneManifest_Generation = YES;
				INFOPLIST_KEY_UIApplicationSupportsIndirectInputEvents = YES;
				INFOPLIST_KEY_UILaunchScreen_Generation = YES;
				INFOPLIST_KEY_UISupportedInterfaceOrientations_iPad = "UIInterfaceOrientationPortrait UIInterfaceOrientationPortraitUpsideDown UIInterfaceOrientationLandscapeLeft UIInterfaceOrientationLandscapeRight";
				INFOPLIST_KEY_UISupportedInterfaceOrientations_iPhone = "UIInterfaceOrientationPortrait UIInterfaceOrientationLandscapeLeft UIInterfaceOrientationLandscapeRight";
				LD_RUNPATH_SEARCH_PATHS = (
					"$(inherited)",
					"@executable_path/Frameworks",
				);
				MARKETING_VERSION = 1.0;
				PRODUCT_BUNDLE_IDENTIFIER = "com.Alice.mulmagi-SwiftUI";
				PRODUCT_NAME = "$(TARGET_NAME)";
				SWIFT_EMIT_LOC_STRINGS = YES;
				SWIFT_VERSION = 5.0;
				TARGETED_DEVICE_FAMILY = "1,2";
			};
			name = Release;
		};
/* End XCBuildConfiguration section */

/* Begin XCConfigurationList section */
		B66B91882AEA2B5E006CF777 /* Build configuration list for PBXProject "mulmagi_SwiftUI" */ = {
			isa = XCConfigurationList;
			buildConfigurations = (
				B66B91992AEA2B5F006CF777 /* Debug */,
				B66B919A2AEA2B5F006CF777 /* Release */,
			);
			defaultConfigurationIsVisible = 0;
			defaultConfigurationName = Release;
		};
		B66B919B2AEA2B5F006CF777 /* Build configuration list for PBXNativeTarget "mulmagi_SwiftUI" */ = {
			isa = XCConfigurationList;
			buildConfigurations = (
				B66B919C2AEA2B5F006CF777 /* Debug */,
				B66B919D2AEA2B5F006CF777 /* Release */,
			);
			defaultConfigurationIsVisible = 0;
			defaultConfigurationName = Release;
		};
/* End XCConfigurationList section */
	};
	rootObject = B66B91852AEA2B5E006CF777 /* Project object */;
}
